PODS:
  - RNCryptor (4.0.0)
  - xDripG5 (0.1.1):
    - RNCryptor (~> 4.0)

DEPENDENCIES:
  - xDripG5 (from `../`)

EXTERNAL SOURCES:
  xDripG5:
    :path: ../

SPEC CHECKSUMS:
  RNCryptor: 59d6483908115af5c12b884db23392024e52a5fe
  xDripG5: 119279afd3c77bbe297f42bb6b9f64e55668a268

COCOAPODS: 0.39.0
