{
  "object": {
    "pins": [
      {
        "package": "ShareClient",
        "repositoryURL": "https://github.com/LoopKit/dexcom-share-client-swift.git",
        "state": {
          "branch": "package-experiment",
          "revision": "10240789a9a14c49151a41f3d05198e20ff7e597",
          "version": null
        }
      },
      {
        "package": "G4ShareSpy",
        "repositoryURL": "https://github.com/LoopKit/G4ShareSpy.git",
        "state": {
          "branch": "package-experiment",
          "revision": "6bfacbb1168a8a32eeed50053cd5ffc55be704eb",
          "version": null
        }
      },
      {
        "package": "LoopKit",
        "repositoryURL": "https://github.com/LoopKit/LoopKit.git",
        "state": {
          "branch": "package-experiment",
          "revision": "7dcfd3ed711dcb4db288f5f355bbbf931f88fa48",
          "version": null
        }
      },
      {
        "package": "SwiftCharts",
        "repositoryURL": "https://github.com/ps2/SwiftCharts.git",
        "state": {
          "branch": "uikit-explicit",
          "revision": "d4835fde68557524dcb08aad6079df2a5103c860",
          "version": null
        }
      }
    ]
  },
  "version": 1
}
