{
  "object": {
    "pins": [
      {
        "package": "ShareClient",
        "repositoryURL": "https://github.com/LoopKit/dexcom-share-client-swift.git",
        "state": {
          "branch": "package-experiment2",
          "revision": "f71e4e42ea51d6e3efdcc4d4de44c698b725b814",
          "version": null
        }
      },
      {
        "package": "G4ShareSpy",
        "repositoryURL": "https://github.com/LoopKit/G4ShareSpy.git",
        "state": {
          "branch": "package-experiment2",
          "revision": "49f80f5760bc3fdc68f798cf01c5d61c4b5bd0ce",
          "version": null
        }
      },
      {
        "package": "LoopKit",
        "repositoryURL": "https://github.com/LoopKit/LoopKit.git",
        "state": {
          "branch": "package-experiment2",
          "revision": "eacc0e46110bfedfda0ea46de24656cce08432fe",
          "version": null
        }
      },
      {
        "package": "SwiftCharts",
        "repositoryURL": "https://github.com/ps2/SwiftCharts.git",
        "state": {
          "branch": "uikit-explicit",
          "revision": "d4835fde68557524dcb08aad6079df2a5103c860",
          "version": null
        }
      }
    ]
  },
  "version": 1
}
